<Solution>
  <Folder Name="/desktop/">
    <Project Path="desktop/PhoneFolder.Desktop/PhoneFolder.Desktop.csproj" />
  </Folder>
  <Folder Name="/tests/">
    <Project Path="tests/PhoneFolder.IntegrationTests/PhoneFolder.IntegrationTests.csproj" />
    <Project Path="tests/PhoneFolder.NetworkTests/PhoneFolder.NetworkTests.csproj" />
    <Project Path="tests/PhoneFolder.PerformanceTests/PhoneFolder.PerformanceTests.csproj" />
    <Project Path="tests/PhoneFolder.UiLayoutTests/PhoneFolder.UiLayoutTests.csproj" />
  </Folder>
</Solution>
